{
  "name": "Hackathon ARM Migration",
  "lockfileVersion": 3,
  "requires": true,
  "packages": {
    "": {
      "dependencies": {
        "@azure/mcp": "^3.0.0-beta.44"
      }
    },
    "node_modules/@azure/mcp": {
      "version": "3.0.0-beta.44",
      "resolved": "https://ms-feed-25.pkgs.visualstudio.com/1es-public/_packaging/npm-public/npm/registry/@azure/mcp/-/mcp-3.0.0-beta.44.tgz",
      "integrity": "sha1-0lFLDkA5PLt5pZ2CueLG4JbZamc=",
      "cpu": [
        "x64",
        "arm64"
      ],
      "hasInstallScript": true,
      "license": "MIT",
      "os": [
        "linux",
        "darwin",
        "win32"
      ],
      "bin": {
        "azmcp": "index.js"
      },
      "engines": {
        "node": ">=22.0.0"
      },
      "optionalDependencies": {
        "@azure/mcp-darwin-arm64": "3.0.0-beta.44",
        "@azure/mcp-darwin-x64": "3.0.0-beta.44",
        "@azure/mcp-linux-arm64": "3.0.0-beta.44",
        "@azure/mcp-linux-x64": "3.0.0-beta.44",
        "@azure/mcp-win32-arm64": "3.0.0-beta.44",
        "@azure/mcp-win32-x64": "3.0.0-beta.44"
      }
    },
    "node_modules/@azure/mcp-darwin-arm64": {
      "version": "3.0.0-beta.44",
      "resolved": "https://ms-feed-25.pkgs.visualstudio.com/1es-public/_packaging/npm-public/npm/registry/@azure/mcp-darwin-arm64/-/mcp-darwin-arm64-3.0.0-beta.44.tgz",
      "integrity": "sha1-dcPjjTpoegaXEQWePgKFAECSIRU=",
      "cpu": [
        "arm64"
      ],
      "license": "MIT",
      "optional": true,
      "os": [
        "darwin"
      ],
      "bin": {
        "azmcp-darwin-arm64": "dist/azmcp"
      },
      "engines": {
        "node": ">=22.0.0"
      }
    },
    "node_modules/@azure/mcp-darwin-x64": {
      "version": "3.0.0-beta.44",
      "resolved": "https://ms-feed-25.pkgs.visualstudio.com/1es-public/_packaging/npm-public/npm/registry/@azure/mcp-darwin-x64/-/mcp-darwin-x64-3.0.0-beta.44.tgz",
      "integrity": "sha1-mVycaDxgt/cHNYgzljEFLhy6S/s=",
      "cpu": [
        "x64"
      ],
      "license": "MIT",
      "optional": true,
      "os": [
        "darwin"
      ],
      "bin": {
        "azmcp-darwin-x64": "dist/azmcp"
      },
      "engines": {
        "node": ">=22.0.0"
      }
    },
    "node_modules/@azure/mcp-linux-arm64": {
      "version": "3.0.0-beta.44",
      "resolved": "https://ms-feed-25.pkgs.visualstudio.com/1es-public/_packaging/npm-public/npm/registry/@azure/mcp-linux-arm64/-/mcp-linux-arm64-3.0.0-beta.44.tgz",
      "integrity": "sha1-bv0UDNoyQ0CmsH4F/2ysHiI44Dc=",
      "cpu": [
        "arm64"
      ],
      "license": "MIT",
      "optional": true,
      "os": [
        "linux"
      ],
      "bin": {
        "azmcp-linux-arm64": "dist/azmcp"
      },
      "engines": {
        "node": ">=22.0.0"
      }
    },
    "node_modules/@azure/mcp-linux-x64": {
      "version": "3.0.0-beta.44",
      "resolved": "https://ms-feed-25.pkgs.visualstudio.com/1es-public/_packaging/npm-public/npm/registry/@azure/mcp-linux-x64/-/mcp-linux-x64-3.0.0-beta.44.tgz",
      "integrity": "sha1-EuMfCc9q6KhDterjnKGWIzQUrzE=",
      "cpu": [
        "x64"
      ],
      "license": "MIT",
      "optional": true,
      "os": [
        "linux"
      ],
      "bin": {
        "azmcp-linux-x64": "dist/azmcp"
      },
      "engines": {
        "node": ">=22.0.0"
      }
    },
    "node_modules/@azure/mcp-win32-arm64": {
      "version": "3.0.0-beta.44",
      "resolved": "https://ms-feed-25.pkgs.visualstudio.com/1es-public/_packaging/npm-public/npm/registry/@azure/mcp-win32-arm64/-/mcp-win32-arm64-3.0.0-beta.44.tgz",
      "integrity": "sha1-vdVvqbL3KH6QkbPG1Fc2XGVZe5k=",
      "cpu": [
        "arm64"
      ],
      "license": "MIT",
      "optional": true,
      "os": [
        "win32"
      ],
      "bin": {
        "azmcp-win32-arm64": "dist/azmcp.exe"
      },
      "engines": {
        "node": ">=22.0.0"
      }
    },
    "node_modules/@azure/mcp-win32-x64": {
      "version": "3.0.0-beta.44",
      "resolved": "https://ms-feed-25.pkgs.visualstudio.com/1es-public/_packaging/npm-public/npm/registry/@azure/mcp-win32-x64/-/mcp-win32-x64-3.0.0-beta.44.tgz",
      "integrity": "sha1-2bRN1kuLZpoEWLNAcJBIIz8TgJI=",
      "cpu": [
        "x64"
      ],
      "license": "MIT",
      "optional": true,
      "os": [
        "win32"
      ],
      "bin": {
        "azmcp-win32-x64": "dist/azmcp.exe"
      },
      "engines": {
        "node": ">=22.0.0"
      }
    }
  }
}
